{
    "name": "neo-agent-brain",
    "version": "0.0.0",
    "lockfileVersion": 3,
    "requires": true,
    "packages": {
        "": {
            "name": "neo-agent-brain",
            "version": "0.0.0",
            "hasInstallScript": true,
            "license": "MIT",
            "devDependencies": {
                "neo-agent-skills": "^0.1.1"
            }
        },
        "node_modules/neo-agent-skills": {
            "version": "0.1.1",
            "resolved": "https://registry.npmjs.org/neo-agent-skills/-/neo-agent-skills-0.1.1.tgz",
            "integrity": "sha512-y6cgogGzPwdhxj32FyjLae3Ld/qeiX48UZeIgEazLGSH2YQLwS6YoZV236Wu9hWhPrcAFP9AmA+rB4YMKBummA==",
            "dev": true,
            "license": "MIT",
            "bin": {
                "neo-agent-skills-materialize": "scripts/materialize-harness-skills.mjs"
            },
            "engines": {
                "node": ">=24.0.0"
            }
        }
    }
}
